
Microsoft Visual Studio Solution File, Format Version 12.00
# Visual Studio 15
VisualStudioVersion = 15.0.28307.572
MinimumVisualStudioVersion = 10.0.40219.1
Project("{FAE04EC0-301F-11D3-BF4B-00C04F79EFBC}") = "IllusionDragAndDrop.Koikatu", "IllusionDragAndDrop.Koikatu\IllusionDragAndDrop.Koikatu.csproj", "{2B68BB81-821E-45B4-B89C-3AC907D1881E}"
EndProject
Project("{D954291E-2A0B-460D-934E-DC6B0785DB48}") = "IllusionDragAndDrop.Shared", "IllusionDragAndDrop.Shared\IllusionDragAndDrop.Shared.shproj", "{DD4FE119-024D-40C6-91DD-EE4BC84B4BB5}"
EndProject
Project("{FAE04EC0-301F-11D3-BF4B-00C04F79EFBC}") = "IllusionDragAndDrop.KoikatuParty", "IllusionDragAndDrop.KoikatuParty\IllusionDragAndDrop.KoikatuParty.csproj", "{A1866225-CD38-47CB-B5CC-62A0F03A13B6}"
EndProject
Global
	GlobalSection(SharedMSBuildProjectFiles) = preSolution
		IllusionDragAndDrop.Shared\IllusionDragAndDrop.Shared.projitems*{2b68bb81-821e-45b4-b89c-3ac907d1881e}*SharedItemsImports = 4
		IllusionDragAndDrop.Shared\IllusionDragAndDrop.Shared.projitems*{dd4fe119-024d-40c6-91dd-ee4bc84b4bb5}*SharedItemsImports = 13
	EndGlobalSection
	GlobalSection(SolutionConfigurationPlatforms) = preSolution
		Debug|Any CPU = Debug|Any CPU
		Release|Any CPU = Release|Any CPU
	EndGlobalSection
	GlobalSection(ProjectConfigurationPlatforms) = postSolution
		{2B68BB81-821E-45B4-B89C-3AC907D1881E}.Debug|Any CPU.ActiveCfg = Debug|Any CPU
		{2B68BB81-821E-45B4-B89C-3AC907D1881E}.Debug|Any CPU.Build.0 = Debug|Any CPU
		{2B68BB81-821E-45B4-B89C-3AC907D1881E}.Release|Any CPU.ActiveCfg = Release|Any CPU
		{2B68BB81-821E-45B4-B89C-3AC907D1881E}.Release|Any CPU.Build.0 = Release|Any CPU
		{A1866225-CD38-47CB-B5CC-62A0F03A13B6}.Debug|Any CPU.ActiveCfg = Debug|Any CPU
		{A1866225-CD38-47CB-B5CC-62A0F03A13B6}.Release|Any CPU.ActiveCfg = Release|Any CPU
		{A1866225-CD38-47CB-B5CC-62A0F03A13B6}.Release|Any CPU.Build.0 = Release|Any CPU
	EndGlobalSection
	GlobalSection(SolutionProperties) = preSolution
		HideSolutionNode = FALSE
	EndGlobalSection
	GlobalSection(ExtensibilityGlobals) = postSolution
		SolutionGuid = {F8B879F4-05F8-4794-B07B-6A5B5982EFC8}
	EndGlobalSection
EndGlobal
